
Microsoft Visual Studio Solution File, Format Version 12.00
# Visual Studio Version 16
VisualStudioVersion = 16.0.31129.286
MinimumVisualStudioVersion = 10.0.40219.1
Project("{FAE04EC0-301F-11D3-BF4B-00C04F79EFBC}") = "WifiFinderDatabaseDemo", "WifiFinderDemo\WifiFinderDatabaseDemo.csproj", "{88A3CF8E-D768-4D70-9D6B-3F86AAE7671B}"
EndProject
Project("{FAE04EC0-301F-11D3-BF4B-00C04F79EFBC}") = "WifiFinderDatabase", "WifiFinderSystem\WifiFinderDatabase.csproj", "{F969359D-F785-48BF-99CF-E6568F8EB335}"
EndProject
Project("{FAE04EC0-301F-11D3-BF4B-00C04F79EFBC}") = "WifiFinderAlgorithm", "WifiFinderPositionSystem\WifiFinderAlgorithm.csproj", "{FC1A46EF-9715-4DEF-800B-E66F37332C12}"
EndProject
Project("{FAE04EC0-301F-11D3-BF4B-00C04F79EFBC}") = "WifiFinderAlgorithmTester", "WifiFinderPositionSystemTester\WifiFinderAlgorithmTester.csproj", "{4AB155FE-C91F-4705-BD9E-638E02F598A4}"
EndProject
Project("{2150E333-8FDC-42A3-9474-1A3956D46DE8}") = "Solution Items", "Solution Items", "{7A594FCE-E360-4F70-A5BC-1125DB7E02D5}"
	ProjectSection(SolutionItems) = preProject
		.editorconfig = .editorconfig
	EndProjectSection
EndProject
Project("{FAE04EC0-301F-11D3-BF4B-00C04F79EFBC}") = "WifiFinderDatabaseProgram", "WifiFinderDatabaseProgram\WifiFinderDatabaseProgram.csproj", "{D99DEE50-710C-4F6E-B8BD-4AA39EDBD099}"
EndProject
Global
	GlobalSection(SolutionConfigurationPlatforms) = preSolution
		Debug|Any CPU = Debug|Any CPU
		Release|Any CPU = Release|Any CPU
	EndGlobalSection
	GlobalSection(ProjectConfigurationPlatforms) = postSolution
		{88A3CF8E-D768-4D70-9D6B-3F86AAE7671B}.Debug|Any CPU.ActiveCfg = Debug|Any CPU
		{88A3CF8E-D768-4D70-9D6B-3F86AAE7671B}.Debug|Any CPU.Build.0 = Debug|Any CPU
		{88A3CF8E-D768-4D70-9D6B-3F86AAE7671B}.Release|Any CPU.ActiveCfg = Release|Any CPU
		{88A3CF8E-D768-4D70-9D6B-3F86AAE7671B}.Release|Any CPU.Build.0 = Release|Any CPU
		{F969359D-F785-48BF-99CF-E6568F8EB335}.Debug|Any CPU.ActiveCfg = Debug|Any CPU
		{F969359D-F785-48BF-99CF-E6568F8EB335}.Debug|Any CPU.Build.0 = Debug|Any CPU
		{F969359D-F785-48BF-99CF-E6568F8EB335}.Release|Any CPU.ActiveCfg = Release|Any CPU
		{F969359D-F785-48BF-99CF-E6568F8EB335}.Release|Any CPU.Build.0 = Release|Any CPU
		{FC1A46EF-9715-4DEF-800B-E66F37332C12}.Debug|Any CPU.ActiveCfg = Debug|Any CPU
		{FC1A46EF-9715-4DEF-800B-E66F37332C12}.Debug|Any CPU.Build.0 = Debug|Any CPU
		{FC1A46EF-9715-4DEF-800B-E66F37332C12}.Release|Any CPU.ActiveCfg = Release|Any CPU
		{FC1A46EF-9715-4DEF-800B-E66F37332C12}.Release|Any CPU.Build.0 = Release|Any CPU
		{4AB155FE-C91F-4705-BD9E-638E02F598A4}.Debug|Any CPU.ActiveCfg = Debug|Any CPU
		{4AB155FE-C91F-4705-BD9E-638E02F598A4}.Debug|Any CPU.Build.0 = Debug|Any CPU
		{4AB155FE-C91F-4705-BD9E-638E02F598A4}.Release|Any CPU.ActiveCfg = Release|Any CPU
		{4AB155FE-C91F-4705-BD9E-638E02F598A4}.Release|Any CPU.Build.0 = Release|Any CPU
		{D99DEE50-710C-4F6E-B8BD-4AA39EDBD099}.Debug|Any CPU.ActiveCfg = Debug|Any CPU
		{D99DEE50-710C-4F6E-B8BD-4AA39EDBD099}.Debug|Any CPU.Build.0 = Debug|Any CPU
		{D99DEE50-710C-4F6E-B8BD-4AA39EDBD099}.Release|Any CPU.ActiveCfg = Release|Any CPU
		{D99DEE50-710C-4F6E-B8BD-4AA39EDBD099}.Release|Any CPU.Build.0 = Release|Any CPU
	EndGlobalSection
	GlobalSection(SolutionProperties) = preSolution
		HideSolutionNode = FALSE
	EndGlobalSection
	GlobalSection(ExtensibilityGlobals) = postSolution
		SolutionGuid = {C20B740A-A782-4EEA-A8B9-4E81951022BE}
	EndGlobalSection
EndGlobal
